// !$*UTF8*$!
{
	archiveVersion = 1;
	classes = {
	};
	objectVersion = 45;
	objects = {

/* Begin PBXBuildFile section */
		0504ABD7105AEE75001FAEBC /* tab_beerreviews.png in Resources */ = {isa = PBXBuildFile; fileRef = 0504ABD2105AEE75001FAEBC /* tab_beerreviews.png */; };
		0504ABD8105AEE75001FAEBC /* tab_beers.png in Resources */ = {isa = PBXBuildFile; fileRef = 0504ABD3105AEE75001FAEBC /* tab_beers.png */; };
		0504ABD9105AEE75001FAEBC /* tab_nearby.png in Resources */ = {isa = PBXBuildFile; fileRef = 0504ABD4105AEE75001FAEBC /* tab_nearby.png */; };
		0504ABDA105AEE75001FAEBC /* tab_places.png in Resources */ = {isa = PBXBuildFile; fileRef = 0504ABD5105AEE75001FAEBC /* tab_places.png */; };
		0504ABDB105AEE75001FAEBC /* tab_wishlist.png in Resources */ = {isa = PBXBuildFile; fileRef = 0504ABD6105AEE75001FAEBC /* tab_wishlist.png */; };
		0504AC51105B05F3001FAEBC /* EditLineVC.m in Sources */ = {isa = PBXBuildFile; fileRef = 0504AC50105B05F3001FAEBC /* EditLineVC.m */; };
		051102A1100FDC8300610251 /* UserReviewsTVC.m in Sources */ = {isa = PBXBuildFile; fileRef = 051102A0100FDC8300610251 /* UserReviewsTVC.m */; };
		05165D0A10519C3D00D9C98D /* PlaceTypeTVC.m in Sources */ = {isa = PBXBuildFile; fileRef = 05165D0910519C3D00D9C98D /* PlaceTypeTVC.m */; };
		05165D0D10519C5300D9C98D /* PlaceStyleTVC.m in Sources */ = {isa = PBXBuildFile; fileRef = 05165D0C10519C5300D9C98D /* PlaceStyleTVC.m */; };
		05165E391051C5C800D9C98D /* PlacePriceTVC.m in Sources */ = {isa = PBXBuildFile; fileRef = 05165E381051C5C800D9C98D /* PlacePriceTVC.m */; };
		05165EB11051D60E00D9C98D /* EditAddressVC.m in Sources */ = {isa = PBXBuildFile; fileRef = 05165EB01051D60E00D9C98D /* EditAddressVC.m */; };
		05165EBC1051D76500D9C98D /* EditURIVC.m in Sources */ = {isa = PBXBuildFile; fileRef = 05165EBB1051D76500D9C98D /* EditURIVC.m */; };
		051665421058310D00D9C98D /* PhotoThumbnailControl.m in Sources */ = {isa = PBXBuildFile; fileRef = 051665411058310D00D9C98D /* PhotoThumbnailControl.m */; };
		0516656710583A1B00D9C98D /* PhotoViewer.m in Sources */ = {isa = PBXBuildFile; fileRef = 0516656610583A1B00D9C98D /* PhotoViewer.m */; };
		051BBD9F10753EE8004376D9 /* LogoVC.m in Sources */ = {isa = PBXBuildFile; fileRef = 051BBD9D10753EE8004376D9 /* LogoVC.m */; };
		051BBDA010753EE8004376D9 /* LogoVC.xib in Resources */ = {isa = PBXBuildFile; fileRef = 051BBD9E10753EE8004376D9 /* LogoVC.xib */; };
		051BBE951075539B004376D9 /* SearchVC.m in Sources */ = {isa = PBXBuildFile; fileRef = 051BBE941075539B004376D9 /* SearchVC.m */; };
		051BC384107A837F004376D9 /* PouredFromVC.m in Sources */ = {isa = PBXBuildFile; fileRef = 051BC383107A837F004376D9 /* PouredFromVC.m */; };
		051BC38E107A8742004376D9 /* DatePickerVC.m in Sources */ = {isa = PBXBuildFile; fileRef = 051BC38C107A8742004376D9 /* DatePickerVC.m */; };
		051BC38F107A8742004376D9 /* DatePickerVC.xib in Resources */ = {isa = PBXBuildFile; fileRef = 051BC38D107A8742004376D9 /* DatePickerVC.xib */; };
		051BC5F3107BC500004376D9 /* star_sm_empty.png in Resources */ = {isa = PBXBuildFile; fileRef = 051BC5F0107BC500004376D9 /* star_sm_empty.png */; };
		051BC5F4107BC500004376D9 /* star_sm_full.png in Resources */ = {isa = PBXBuildFile; fileRef = 051BC5F1107BC500004376D9 /* star_sm_full.png */; };
		051BC5F5107BC500004376D9 /* star_sm_half.png in Resources */ = {isa = PBXBuildFile; fileRef = 051BC5F2107BC500004376D9 /* star_sm_half.png */; };
		051BC629107BD6BD004376D9 /* RatingView.m in Sources */ = {isa = PBXBuildFile; fileRef = 051BC628107BD6BD004376D9 /* RatingView.m */; };
		051BC6F3107BEFA5004376D9 /* avatar_default.png in Resources */ = {isa = PBXBuildFile; fileRef = 051BC6F2107BEFA5004376D9 /* avatar_default.png */; };
		053653960F703F99000389C1 /* PhoneNumberEditTableViewController.m in Sources */ = {isa = PBXBuildFile; fileRef = 053653950F703F99000389C1 /* PhoneNumberEditTableViewController.m */; };
		05451382104346EF00F9400B /* ColorsTVC.m in Sources */ = {isa = PBXBuildFile; fileRef = 05451381104346EF00F9400B /* ColorsTVC.m */; };
		0545144710435A4900F9400B /* AvailabilityTVC.m in Sources */ = {isa = PBXBuildFile; fileRef = 0545144610435A4900F9400B /* AvailabilityTVC.m */; };
		054519F510471D4800F9400B /* aftertaste_high.png in Resources */ = {isa = PBXBuildFile; fileRef = 054519F410471D4800F9400B /* aftertaste_high.png */; };
		054519F710471D7200F9400B /* aftertaste_low.png in Resources */ = {isa = PBXBuildFile; fileRef = 054519F610471D7200F9400B /* aftertaste_low.png */; };
		054519F910471DA800F9400B /* balance_high.png in Resources */ = {isa = PBXBuildFile; fileRef = 054519F810471DA800F9400B /* balance_high.png */; };
		054519FB10471DBD00F9400B /* balance_low.png in Resources */ = {isa = PBXBuildFile; fileRef = 054519FA10471DBD00F9400B /* balance_low.png */; };
		054519FD10471DD400F9400B /* body_high.png in Resources */ = {isa = PBXBuildFile; fileRef = 054519FC10471DD400F9400B /* body_high.png */; };
		054519FF10471DE800F9400B /* body_low.png in Resources */ = {isa = PBXBuildFile; fileRef = 054519FE10471DE800F9400B /* body_low.png */; };
		05451A0110471DFA00F9400B /* brewpub.png in Resources */ = {isa = PBXBuildFile; fileRef = 05451A0010471DFA00F9400B /* brewpub.png */; };
		05451A0310471E0F00F9400B /* store.png in Resources */ = {isa = PBXBuildFile; fileRef = 05451A0210471E0F00F9400B /* store.png */; };
		05451A0510471E2200F9400B /* bar.png in Resources */ = {isa = PBXBuildFile; fileRef = 05451A0410471E2200F9400B /* bar.png */; };
		05451A0710471E3300F9400B /* restaurant.png in Resources */ = {isa = PBXBuildFile; fileRef = 05451A0610471E3300F9400B /* restaurant.png */; };
		05451A0910471E4600F9400B /* beer.png in Resources */ = {isa = PBXBuildFile; fileRef = 05451A0810471E4600F9400B /* beer.png */; };
		05451A0B10471E5900F9400B /* brewery.png in Resources */ = {isa = PBXBuildFile; fileRef = 05451A0A10471E5900F9400B /* brewery.png */; };
		05451C211048820100F9400B /* UserProfileTVC.m in Sources */ = {isa = PBXBuildFile; fileRef = 05451C201048820100F9400B /* UserProfileTVC.m */; };
		05451C241048826F00F9400B /* BuddiesTVC.m in Sources */ = {isa = PBXBuildFile; fileRef = 05451C231048826F00F9400B /* BuddiesTVC.m */; };
		05451C271048827700F9400B /* RecommendedTVC.m in Sources */ = {isa = PBXBuildFile; fileRef = 05451C261048827700F9400B /* RecommendedTVC.m */; };
		05451C2A1048827F00F9400B /* BookmarksTVC.m in Sources */ = {isa = PBXBuildFile; fileRef = 05451C291048827F00F9400B /* BookmarksTVC.m */; };
		05451C46104883E800F9400B /* PlacesTVC.m in Sources */ = {isa = PBXBuildFile; fileRef = 05451C45104883E800F9400B /* PlacesTVC.m */; };
		05451D881049DAE800F9400B /* NSObject+SBJSON.m in Sources */ = {isa = PBXBuildFile; fileRef = 05451D7D1049DAE800F9400B /* NSObject+SBJSON.m */; };
		05451D891049DAE800F9400B /* NSString+SBJSON.m in Sources */ = {isa = PBXBuildFile; fileRef = 05451D7F1049DAE800F9400B /* NSString+SBJSON.m */; };
		05451D8A1049DAE800F9400B /* SBJSON.m in Sources */ = {isa = PBXBuildFile; fileRef = 05451D811049DAE800F9400B /* SBJSON.m */; };
		05451D8B1049DAE800F9400B /* SBJsonBase.m in Sources */ = {isa = PBXBuildFile; fileRef = 05451D831049DAE800F9400B /* SBJsonBase.m */; };
		05451D8C1049DAE800F9400B /* SBJsonParser.m in Sources */ = {isa = PBXBuildFile; fileRef = 05451D851049DAE800F9400B /* SBJsonParser.m */; };
		05451D8D1049DAE800F9400B /* SBJsonWriter.m in Sources */ = {isa = PBXBuildFile; fileRef = 05451D871049DAE800F9400B /* SBJsonWriter.m */; };
		0577EA4D1002AC7700A2468C /* Settings.bundle in Resources */ = {isa = PBXBuildFile; fileRef = 0577EA4C1002AC7700A2468C /* Settings.bundle */; };
		0577ECB910068A1300A2468C /* RatingControl.m in Sources */ = {isa = PBXBuildFile; fileRef = 0577ECB810068A1300A2468C /* RatingControl.m */; };
		0577ECC410068CCB00A2468C /* star_empty.png in Resources */ = {isa = PBXBuildFile; fileRef = 0577ECC110068CCB00A2468C /* star_empty.png */; };
		0577ECC510068CCB00A2468C /* dot.png in Resources */ = {isa = PBXBuildFile; fileRef = 0577ECC210068CCB00A2468C /* dot.png */; };
		0577ECC610068CCB00A2468C /* star_filled.png in Resources */ = {isa = PBXBuildFile; fileRef = 0577ECC310068CCB00A2468C /* star_filled.png */; };
		058FF38D1030C41E00DA6D81 /* BrowseBrewersTVC.m in Sources */ = {isa = PBXBuildFile; fileRef = 058FF38C1030C41E00DA6D81 /* BrowseBrewersTVC.m */; };
		058FF79210332E2100DA6D81 /* LoginVC.m in Sources */ = {isa = PBXBuildFile; fileRef = 058FF79110332E2100DA6D81 /* LoginVC.m */; };
		058FFBCA1035DE4200DA6D81 /* FullBeerReviewTVC.m in Sources */ = {isa = PBXBuildFile; fileRef = 058FFBC91035DE4200DA6D81 /* FullBeerReviewTVC.m */; };
		058FFCA410360A1E00DA6D81 /* FlavorsAromasTVC.m in Sources */ = {isa = PBXBuildFile; fileRef = 058FFCA310360A1E00DA6D81 /* FlavorsAromasTVC.m */; };
		05944DBD0F72E2BB0043D34C /* MainWindow.xib in Resources */ = {isa = PBXBuildFile; fileRef = 05944DBC0F72E2BB0043D34C /* MainWindow.xib */; };
		05944DC50F72E7C30043D34C /* BeerCrush.png in Resources */ = {isa = PBXBuildFile; fileRef = 05944DC40F72E7C30043D34C /* BeerCrush.png */; };
		059DA054104C70B200D5652E /* EditTextVC.m in Sources */ = {isa = PBXBuildFile; fileRef = 059DA053104C70B200D5652E /* EditTextVC.m */; };
		059DA303104F3F3600D5652E /* CountryListTVC.m in Sources */ = {isa = PBXBuildFile; fileRef = 059DA302104F3F3600D5652E /* CountryListTVC.m */; };
		05B7DB5E103F42700021EEDA /* StylesListTVC.m in Sources */ = {isa = PBXBuildFile; fileRef = 05B7DB5D103F42700021EEDA /* StylesListTVC.m */; };
		05B7DB7B103F45A70021EEDA /* StyleVC.m in Sources */ = {isa = PBXBuildFile; fileRef = 05B7DB7A103F45A70021EEDA /* StyleVC.m */; };
		05C0D47B10740500004D485E /* Localizable.strings in Resources */ = {isa = PBXBuildFile; fileRef = 05C0D47A10740500004D485E /* Localizable.strings */; };
		05C0D4E1107413A6004D485E /* AboutUsVC.m in Sources */ = {isa = PBXBuildFile; fileRef = 05C0D4DF107413A6004D485E /* AboutUsVC.m */; };
		05C0D4E2107413A6004D485E /* AboutUsVC.xib in Resources */ = {isa = PBXBuildFile; fileRef = 05C0D4E0107413A6004D485E /* AboutUsVC.xib */; };
		05C6364D0F55C03C00B1C78A /* BreweryTableViewController.m in Sources */ = {isa = PBXBuildFile; fileRef = 05C6364C0F55C03C00B1C78A /* BreweryTableViewController.m */; };
		05C636500F55C1CE00B1C78A /* BeerTableViewController.m in Sources */ = {isa = PBXBuildFile; fileRef = 05C6364F0F55C1CE00B1C78A /* BeerTableViewController.m */; };
		05C637900F56018100B1C78A /* ReviewsTableViewController.m in Sources */ = {isa = PBXBuildFile; fileRef = 05C6378F0F56018100B1C78A /* ReviewsTableViewController.m */; };
		05C637F40F56087F00B1C78A /* BeerListTableViewController.m in Sources */ = {isa = PBXBuildFile; fileRef = 05C637F30F56087F00B1C78A /* BeerListTableViewController.m */; };
		05C9AC400F53756F0020B102 /* MyTableViewController.m in Sources */ = {isa = PBXBuildFile; fileRef = 05C9AC3F0F53756F0020B102 /* MyTableViewController.m */; };
		05DA328F106408290015EBFD /* logo.png in Resources */ = {isa = PBXBuildFile; fileRef = 05DA328E106408280015EBFD /* logo.png */; };
		05DA329610640DAE0015EBFD /* Icon.png in Resources */ = {isa = PBXBuildFile; fileRef = 05DA329510640DAE0015EBFD /* Icon.png */; };
		05ECB39F107D628F001D59A0 /* RegexKitLite.m in Sources */ = {isa = PBXBuildFile; fileRef = 05ECB39E107D628F001D59A0 /* RegexKitLite.m */; };
		05F3BFB30F6EEDCB00603ED1 /* NearbyTableViewController.m in Sources */ = {isa = PBXBuildFile; fileRef = 05F3BFB20F6EEDCB00603ED1 /* NearbyTableViewController.m */; };
		05F3C0740F6EF69400603ED1 /* CoreLocation.framework in Frameworks */ = {isa = PBXBuildFile; fileRef = 05F3C0730F6EF69400603ED1 /* CoreLocation.framework */; };
		05F3C18A0F6F150400603ED1 /* PlaceTableViewController.m in Sources */ = {isa = PBXBuildFile; fileRef = 05F3C1890F6F150400603ED1 /* PlaceTableViewController.m */; };
		1D3623260D0F684500981E51 /* BeerCrushAppDelegate.m in Sources */ = {isa = PBXBuildFile; fileRef = 1D3623250D0F684500981E51 /* BeerCrushAppDelegate.m */; };
		1D60589B0D05DD56006BFB54 /* main.m in Sources */ = {isa = PBXBuildFile; fileRef = 29B97316FDCFA39411CA2CEA /* main.m */; };
		1D60589F0D05DD5A006BFB54 /* Foundation.framework in Frameworks */ = {isa = PBXBuildFile; fileRef = 1D30AB110D05D00D00671497 /* Foundation.framework */; };
		1DF5F4E00D08C38300B7A737 /* UIKit.framework in Frameworks */ = {isa = PBXBuildFile; fileRef = 1DF5F4DF0D08C38300B7A737 /* UIKit.framework */; };
		28216C970DB411BC00E5133A /* FirstViewController.m in Sources */ = {isa = PBXBuildFile; fileRef = 28216C960DB411BC00E5133A /* FirstViewController.m */; };
		288765080DF74369002DB57D /* CoreGraphics.framework in Frameworks */ = {isa = PBXBuildFile; fileRef = 288765070DF74369002DB57D /* CoreGraphics.framework */; };
/* End PBXBuildFile section */

/* Begin PBXFileReference section */
		0504ABD2105AEE75001FAEBC /* tab_beerreviews.png */ = {isa = PBXFileReference; lastKnownFileType = image.png; path = tab_beerreviews.png; sourceTree = "<group>"; };
		0504ABD3105AEE75001FAEBC /* tab_beers.png */ = {isa = PBXFileReference; lastKnownFileType = image.png; path = tab_beers.png; sourceTree = "<group>"; };
		0504ABD4105AEE75001FAEBC /* tab_nearby.png */ = {isa = PBXFileReference; lastKnownFileType = image.png; path = tab_nearby.png; sourceTree = "<group>"; };
		0504ABD5105AEE75001FAEBC /* tab_places.png */ = {isa = PBXFileReference; lastKnownFileType = image.png; path = tab_places.png; sourceTree = "<group>"; };
		0504ABD6105AEE75001FAEBC /* tab_wishlist.png */ = {isa = PBXFileReference; lastKnownFileType = image.png; path = tab_wishlist.png; sourceTree = "<group>"; };
		0504AC4F105B05F3001FAEBC /* EditLineVC.h */ = {isa = PBXFileReference; fileEncoding = 4; lastKnownFileType = sourcecode.c.h; path = EditLineVC.h; sourceTree = "<group>"; };
		0504AC50105B05F3001FAEBC /* EditLineVC.m */ = {isa = PBXFileReference; fileEncoding = 4; lastKnownFileType = sourcecode.c.objc; path = EditLineVC.m; sourceTree = "<group>"; };
		0511029F100FDC8300610251 /* UserReviewsTVC.h */ = {isa = PBXFileReference; fileEncoding = 4; lastKnownFileType = sourcecode.c.h; path = UserReviewsTVC.h; sourceTree = "<group>"; };
		051102A0100FDC8300610251 /* UserReviewsTVC.m */ = {isa = PBXFileReference; fileEncoding = 4; lastKnownFileType = sourcecode.c.objc; path = UserReviewsTVC.m; sourceTree = "<group>"; };
		05165D0810519C3D00D9C98D /* PlaceTypeTVC.h */ = {isa = PBXFileReference; fileEncoding = 4; lastKnownFileType = sourcecode.c.h; path = PlaceTypeTVC.h; sourceTree = "<group>"; };
		05165D0910519C3D00D9C98D /* PlaceTypeTVC.m */ = {isa = PBXFileReference; fileEncoding = 4; lastKnownFileType = sourcecode.c.objc; path = PlaceTypeTVC.m; sourceTree = "<group>"; };
		05165D0B10519C5300D9C98D /* PlaceStyleTVC.h */ = {isa = PBXFileReference; fileEncoding = 4; lastKnownFileType = sourcecode.c.h; path = PlaceStyleTVC.h; sourceTree = "<group>"; };
		05165D0C10519C5300D9C98D /* PlaceStyleTVC.m */ = {isa = PBXFileReference; fileEncoding = 4; lastKnownFileType = sourcecode.c.objc; path = PlaceStyleTVC.m; sourceTree = "<group>"; };
		05165E371051C5C800D9C98D /* PlacePriceTVC.h */ = {isa = PBXFileReference; fileEncoding = 4; lastKnownFileType = sourcecode.c.h; path = PlacePriceTVC.h; sourceTree = "<group>"; };
		05165E381051C5C800D9C98D /* PlacePriceTVC.m */ = {isa = PBXFileReference; fileEncoding = 4; lastKnownFileType = sourcecode.c.objc; path = PlacePriceTVC.m; sourceTree = "<group>"; };
		05165EAF1051D60E00D9C98D /* EditAddressVC.h */ = {isa = PBXFileReference; fileEncoding = 4; lastKnownFileType = sourcecode.c.h; path = EditAddressVC.h; sourceTree = "<group>"; };
		05165EB01051D60E00D9C98D /* EditAddressVC.m */ = {isa = PBXFileReference; fileEncoding = 4; lastKnownFileType = sourcecode.c.objc; path = EditAddressVC.m; sourceTree = "<group>"; };
		05165EBA1051D76500D9C98D /* EditURIVC.h */ = {isa = PBXFileReference; fileEncoding = 4; lastKnownFileType = sourcecode.c.h; path = EditURIVC.h; sourceTree = "<group>"; };
		05165EBB1051D76500D9C98D /* EditURIVC.m */ = {isa = PBXFileReference; fileEncoding = 4; lastKnownFileType = sourcecode.c.objc; path = EditURIVC.m; sourceTree = "<group>"; };
		051665401058310D00D9C98D /* PhotoThumbnailControl.h */ = {isa = PBXFileReference; fileEncoding = 4; lastKnownFileType = sourcecode.c.h; path = PhotoThumbnailControl.h; sourceTree = "<group>"; };
		051665411058310D00D9C98D /* PhotoThumbnailControl.m */ = {isa = PBXFileReference; fileEncoding = 4; lastKnownFileType = sourcecode.c.objc; path = PhotoThumbnailControl.m; sourceTree = "<group>"; };
		0516656510583A1B00D9C98D /* PhotoViewer.h */ = {isa = PBXFileReference; fileEncoding = 4; lastKnownFileType = sourcecode.c.h; path = PhotoViewer.h; sourceTree = "<group>"; };
		0516656610583A1B00D9C98D /* PhotoViewer.m */ = {isa = PBXFileReference; fileEncoding = 4; lastKnownFileType = sourcecode.c.objc; path = PhotoViewer.m; sourceTree = "<group>"; };
		051BBD9C10753EE8004376D9 /* LogoVC.h */ = {isa = PBXFileReference; fileEncoding = 4; lastKnownFileType = sourcecode.c.h; path = LogoVC.h; sourceTree = "<group>"; };
		051BBD9D10753EE8004376D9 /* LogoVC.m */ = {isa = PBXFileReference; fileEncoding = 4; lastKnownFileType = sourcecode.c.objc; path = LogoVC.m; sourceTree = "<group>"; };
		051BBD9E10753EE8004376D9 /* LogoVC.xib */ = {isa = PBXFileReference; lastKnownFileType = file.xib; path = LogoVC.xib; sourceTree = "<group>"; };
		051BBE931075539B004376D9 /* SearchVC.h */ = {isa = PBXFileReference; fileEncoding = 4; lastKnownFileType = sourcecode.c.h; path = SearchVC.h; sourceTree = "<group>"; };
		051BBE941075539B004376D9 /* SearchVC.m */ = {isa = PBXFileReference; fileEncoding = 4; lastKnownFileType = sourcecode.c.objc; path = SearchVC.m; sourceTree = "<group>"; };
		051BC382107A837F004376D9 /* PouredFromVC.h */ = {isa = PBXFileReference; fileEncoding = 4; lastKnownFileType = sourcecode.c.h; path = PouredFromVC.h; sourceTree = "<group>"; };
		051BC383107A837F004376D9 /* PouredFromVC.m */ = {isa = PBXFileReference; fileEncoding = 4; lastKnownFileType = sourcecode.c.objc; path = PouredFromVC.m; sourceTree = "<group>"; };
		051BC38B107A8742004376D9 /* DatePickerVC.h */ = {isa = PBXFileReference; fileEncoding = 4; lastKnownFileType = sourcecode.c.h; path = DatePickerVC.h; sourceTree = "<group>"; };
		051BC38C107A8742004376D9 /* DatePickerVC.m */ = {isa = PBXFileReference; fileEncoding = 4; lastKnownFileType = sourcecode.c.objc; path = DatePickerVC.m; sourceTree = "<group>"; };
		051BC38D107A8742004376D9 /* DatePickerVC.xib */ = {isa = PBXFileReference; lastKnownFileType = file.xib; path = DatePickerVC.xib; sourceTree = "<group>"; };
		051BC5F0107BC500004376D9 /* star_sm_empty.png */ = {isa = PBXFileReference; lastKnownFileType = image.png; path = star_sm_empty.png; sourceTree = "<group>"; };
		051BC5F1107BC500004376D9 /* star_sm_full.png */ = {isa = PBXFileReference; lastKnownFileType = image.png; path = star_sm_full.png; sourceTree = "<group>"; };
		051BC5F2107BC500004376D9 /* star_sm_half.png */ = {isa = PBXFileReference; lastKnownFileType = image.png; path = star_sm_half.png; sourceTree = "<group>"; };
		051BC627107BD6BD004376D9 /* RatingView.h */ = {isa = PBXFileReference; fileEncoding = 4; lastKnownFileType = sourcecode.c.h; path = RatingView.h; sourceTree = "<group>"; };
		051BC628107BD6BD004376D9 /* RatingView.m */ = {isa = PBXFileReference; fileEncoding = 4; lastKnownFileType = sourcecode.c.objc; path = RatingView.m; sourceTree = "<group>"; };
		051BC6F2107BEFA5004376D9 /* avatar_default.png */ = {isa = PBXFileReference; lastKnownFileType = image.png; path = avatar_default.png; sourceTree = "<group>"; };
		053653940F703F99000389C1 /* PhoneNumberEditTableViewController.h */ = {isa = PBXFileReference; fileEncoding = 4; lastKnownFileType = sourcecode.c.h; path = PhoneNumberEditTableViewController.h; sourceTree = "<group>"; };
		053653950F703F99000389C1 /* PhoneNumberEditTableViewController.m */ = {isa = PBXFileReference; fileEncoding = 4; lastKnownFileType = sourcecode.c.objc; path = PhoneNumberEditTableViewController.m; sourceTree = "<group>"; };
		05451380104346EF00F9400B /* ColorsTVC.h */ = {isa = PBXFileReference; fileEncoding = 4; lastKnownFileType = sourcecode.c.h; path = ColorsTVC.h; sourceTree = "<group>"; };
		05451381104346EF00F9400B /* ColorsTVC.m */ = {isa = PBXFileReference; fileEncoding = 4; lastKnownFileType = sourcecode.c.objc; path = ColorsTVC.m; sourceTree = "<group>"; };
		0545144510435A4900F9400B /* AvailabilityTVC.h */ = {isa = PBXFileReference; fileEncoding = 4; lastKnownFileType = sourcecode.c.h; path = AvailabilityTVC.h; sourceTree = "<group>"; };
		0545144610435A4900F9400B /* AvailabilityTVC.m */ = {isa = PBXFileReference; fileEncoding = 4; lastKnownFileType = sourcecode.c.objc; path = AvailabilityTVC.m; sourceTree = "<group>"; };
		054519F410471D4800F9400B /* aftertaste_high.png */ = {isa = PBXFileReference; lastKnownFileType = image.png; path = aftertaste_high.png; sourceTree = "<group>"; };
		054519F610471D7200F9400B /* aftertaste_low.png */ = {isa = PBXFileReference; lastKnownFileType = image.png; path = aftertaste_low.png; sourceTree = "<group>"; };
		054519F810471DA800F9400B /* balance_high.png */ = {isa = PBXFileReference; lastKnownFileType = image.png; path = balance_high.png; sourceTree = "<group>"; };
		054519FA10471DBD00F9400B /* balance_low.png */ = {isa = PBXFileReference; lastKnownFileType = image.png; path = balance_low.png; sourceTree = "<group>"; };
		054519FC10471DD400F9400B /* body_high.png */ = {isa = PBXFileReference; lastKnownFileType = image.png; path = body_high.png; sourceTree = "<group>"; };
		054519FE10471DE800F9400B /* body_low.png */ = {isa = PBXFileReference; lastKnownFileType = image.png; path = body_low.png; sourceTree = "<group>"; };
		05451A0010471DFA00F9400B /* brewpub.png */ = {isa = PBXFileReference; lastKnownFileType = image.png; path = brewpub.png; sourceTree = "<group>"; };
		05451A0210471E0F00F9400B /* store.png */ = {isa = PBXFileReference; lastKnownFileType = image.png; path = store.png; sourceTree = "<group>"; };
		05451A0410471E2200F9400B /* bar.png */ = {isa = PBXFileReference; lastKnownFileType = image.png; path = bar.png; sourceTree = "<group>"; };
		05451A0610471E3300F9400B /* restaurant.png */ = {isa = PBXFileReference; lastKnownFileType = image.png; path = restaurant.png; sourceTree = "<group>"; };
		05451A0810471E4600F9400B /* beer.png */ = {isa = PBXFileReference; lastKnownFileType = image.png; path = beer.png; sourceTree = "<group>"; };
		05451A0A10471E5900F9400B /* brewery.png */ = {isa = PBXFileReference; lastKnownFileType = image.png; path = brewery.png; sourceTree = "<group>"; };
		05451C1F1048820100F9400B /* UserProfileTVC.h */ = {isa = PBXFileReference; fileEncoding = 4; lastKnownFileType = sourcecode.c.h; path = UserProfileTVC.h; sourceTree = "<group>"; };
		05451C201048820100F9400B /* UserProfileTVC.m */ = {isa = PBXFileReference; fileEncoding = 4; lastKnownFileType = sourcecode.c.objc; path = UserProfileTVC.m; sourceTree = "<group>"; };
		05451C221048826F00F9400B /* BuddiesTVC.h */ = {isa = PBXFileReference; fileEncoding = 4; lastKnownFileType = sourcecode.c.h; path = BuddiesTVC.h; sourceTree = "<group>"; };
		05451C231048826F00F9400B /* BuddiesTVC.m */ = {isa = PBXFileReference; fileEncoding = 4; lastKnownFileType = sourcecode.c.objc; path = BuddiesTVC.m; sourceTree = "<group>"; };
		05451C251048827700F9400B /* RecommendedTVC.h */ = {isa = PBXFileReference; fileEncoding = 4; lastKnownFileType = sourcecode.c.h; path = RecommendedTVC.h; sourceTree = "<group>"; };
		05451C261048827700F9400B /* RecommendedTVC.m */ = {isa = PBXFileReference; fileEncoding = 4; lastKnownFileType = sourcecode.c.objc; path = RecommendedTVC.m; sourceTree = "<group>"; };
		05451C281048827F00F9400B /* BookmarksTVC.h */ = {isa = PBXFileReference; fileEncoding = 4; lastKnownFileType = sourcecode.c.h; path = BookmarksTVC.h; sourceTree = "<group>"; };
		05451C291048827F00F9400B /* BookmarksTVC.m */ = {isa = PBXFileReference; fileEncoding = 4; lastKnownFileType = sourcecode.c.objc; path = BookmarksTVC.m; sourceTree = "<group>"; };
		05451C44104883E800F9400B /* PlacesTVC.h */ = {isa = PBXFileReference; fileEncoding = 4; lastKnownFileType = sourcecode.c.h; path = PlacesTVC.h; sourceTree = "<group>"; };
		05451C45104883E800F9400B /* PlacesTVC.m */ = {isa = PBXFileReference; fileEncoding = 4; lastKnownFileType = sourcecode.c.objc; path = PlacesTVC.m; sourceTree = "<group>"; };
		05451D7B1049DAE800F9400B /* JSON.h */ = {isa = PBXFileReference; fileEncoding = 4; lastKnownFileType = sourcecode.c.h; path = JSON.h; sourceTree = "<group>"; };
		05451D7C1049DAE800F9400B /* NSObject+SBJSON.h */ = {isa = PBXFileReference; fileEncoding = 4; lastKnownFileType = sourcecode.c.h; path = "NSObject+SBJSON.h"; sourceTree = "<group>"; };
		05451D7D1049DAE800F9400B /* NSObject+SBJSON.m */ = {isa = PBXFileReference; fileEncoding = 4; lastKnownFileType = sourcecode.c.objc; path = "NSObject+SBJSON.m"; sourceTree = "<group>"; };
		05451D7E1049DAE800F9400B /* NSString+SBJSON.h */ = {isa = PBXFileReference; fileEncoding = 4; lastKnownFileType = sourcecode.c.h; path = "NSString+SBJSON.h"; sourceTree = "<group>"; };
		05451D7F1049DAE800F9400B /* NSString+SBJSON.m */ = {isa = PBXFileReference; fileEncoding = 4; lastKnownFileType = sourcecode.c.objc; path = "NSString+SBJSON.m"; sourceTree = "<group>"; };
		05451D801049DAE800F9400B /* SBJSON.h */ = {isa = PBXFileReference; fileEncoding = 4; lastKnownFileType = sourcecode.c.h; path = SBJSON.h; sourceTree = "<group>"; };
		05451D811049DAE800F9400B /* SBJSON.m */ = {isa = PBXFileReference; fileEncoding = 4; lastKnownFileType = sourcecode.c.objc; path = SBJSON.m; sourceTree = "<group>"; };
		05451D821049DAE800F9400B /* SBJsonBase.h */ = {isa = PBXFileReference; fileEncoding = 4; lastKnownFileType = sourcecode.c.h; path = SBJsonBase.h; sourceTree = "<group>"; };
		05451D831049DAE800F9400B /* SBJsonBase.m */ = {isa = PBXFileReference; fileEncoding = 4; lastKnownFileType = sourcecode.c.objc; path = SBJsonBase.m; sourceTree = "<group>"; };
		05451D841049DAE800F9400B /* SBJsonParser.h */ = {isa = PBXFileReference; fileEncoding = 4; lastKnownFileType = sourcecode.c.h; path = SBJsonParser.h; sourceTree = "<group>"; };
		05451D851049DAE800F9400B /* SBJsonParser.m */ = {isa = PBXFileReference; fileEncoding = 4; lastKnownFileType = sourcecode.c.objc; path = SBJsonParser.m; sourceTree = "<group>"; };
		05451D861049DAE800F9400B /* SBJsonWriter.h */ = {isa = PBXFileReference; fileEncoding = 4; lastKnownFileType = sourcecode.c.h; path = SBJsonWriter.h; sourceTree = "<group>"; };
		05451D871049DAE800F9400B /* SBJsonWriter.m */ = {isa = PBXFileReference; fileEncoding = 4; lastKnownFileType = sourcecode.c.objc; path = SBJsonWriter.m; sourceTree = "<group>"; };
		0577EA4C1002AC7700A2468C /* Settings.bundle */ = {isa = PBXFileReference; lastKnownFileType = "wrapper.plug-in"; path = Settings.bundle; sourceTree = "<group>"; };
		0577ECB710068A1300A2468C /* RatingControl.h */ = {isa = PBXFileReference; fileEncoding = 4; lastKnownFileType = sourcecode.c.h; path = RatingControl.h; sourceTree = "<group>"; };
		0577ECB810068A1300A2468C /* RatingControl.m */ = {isa = PBXFileReference; fileEncoding = 4; lastKnownFileType = sourcecode.c.objc; path = RatingControl.m; sourceTree = "<group>"; };
		0577ECC110068CCB00A2468C /* star_empty.png */ = {isa = PBXFileReference; lastKnownFileType = image.png; path = star_empty.png; sourceTree = "<group>"; };
		0577ECC210068CCB00A2468C /* dot.png */ = {isa = PBXFileReference; lastKnownFileType = image.png; path = dot.png; sourceTree = "<group>"; };
		0577ECC310068CCB00A2468C /* star_filled.png */ = {isa = PBXFileReference; lastKnownFileType = image.png; path = star_filled.png; sourceTree = "<group>"; };
		058FF38B1030C41E00DA6D81 /* BrowseBrewersTVC.h */ = {isa = PBXFileReference; fileEncoding = 4; lastKnownFileType = sourcecode.c.h; path = BrowseBrewersTVC.h; sourceTree = "<group>"; };
		058FF38C1030C41E00DA6D81 /* BrowseBrewersTVC.m */ = {isa = PBXFileReference; fileEncoding = 4; lastKnownFileType = sourcecode.c.objc; path = BrowseBrewersTVC.m; sourceTree = "<group>"; };
		058FF79010332E2100DA6D81 /* LoginVC.h */ = {isa = PBXFileReference; fileEncoding = 4; lastKnownFileType = sourcecode.c.h; path = LoginVC.h; sourceTree = "<group>"; };
		058FF79110332E2100DA6D81 /* LoginVC.m */ = {isa = PBXFileReference; fileEncoding = 4; lastKnownFileType = sourcecode.c.objc; path = LoginVC.m; sourceTree = "<group>"; };
		058FFBC81035DE4200DA6D81 /* FullBeerReviewTVC.h */ = {isa = PBXFileReference; fileEncoding = 4; lastKnownFileType = sourcecode.c.h; path = FullBeerReviewTVC.h; sourceTree = "<group>"; };
		058FFBC91035DE4200DA6D81 /* FullBeerReviewTVC.m */ = {isa = PBXFileReference; fileEncoding = 4; lastKnownFileType = sourcecode.c.objc; path = FullBeerReviewTVC.m; sourceTree = "<group>"; };
		058FFCA210360A1E00DA6D81 /* FlavorsAromasTVC.h */ = {isa = PBXFileReference; fileEncoding = 4; lastKnownFileType = sourcecode.c.h; path = FlavorsAromasTVC.h; sourceTree = "<group>"; };
		058FFCA310360A1E00DA6D81 /* FlavorsAromasTVC.m */ = {isa = PBXFileReference; fileEncoding = 4; lastKnownFileType = sourcecode.c.objc; path = FlavorsAromasTVC.m; sourceTree = "<group>"; };
		05944DBC0F72E2BB0043D34C /* MainWindow.xib */ = {isa = PBXFileReference; lastKnownFileType = file.xib; path = MainWindow.xib; sourceTree = "<group>"; };
		05944DC40F72E7C30043D34C /* BeerCrush.png */ = {isa = PBXFileReference; lastKnownFileType = image.png; path = BeerCrush.png; sourceTree = "<group>"; };
		059DA052104C70B200D5652E /* EditTextVC.h */ = {isa = PBXFileReference; fileEncoding = 4; lastKnownFileType = sourcecode.c.h; path = EditTextVC.h; sourceTree = "<group>"; };
		059DA053104C70B200D5652E /* EditTextVC.m */ = {isa = PBXFileReference; fileEncoding = 4; lastKnownFileType = sourcecode.c.objc; path = EditTextVC.m; sourceTree = "<group>"; };
		059DA301104F3F3600D5652E /* CountryListTVC.h */ = {isa = PBXFileReference; fileEncoding = 4; lastKnownFileType = sourcecode.c.h; path = CountryListTVC.h; sourceTree = "<group>"; };
		059DA302104F3F3600D5652E /* CountryListTVC.m */ = {isa = PBXFileReference; fileEncoding = 4; lastKnownFileType = sourcecode.c.objc; path = CountryListTVC.m; sourceTree = "<group>"; };
		05B7DB5C103F42700021EEDA /* StylesListTVC.h */ = {isa = PBXFileReference; fileEncoding = 4; lastKnownFileType = sourcecode.c.h; path = StylesListTVC.h; sourceTree = "<group>"; };
		05B7DB5D103F42700021EEDA /* StylesListTVC.m */ = {isa = PBXFileReference; fileEncoding = 4; lastKnownFileType = sourcecode.c.objc; path = StylesListTVC.m; sourceTree = "<group>"; };
		05B7DB79103F45A70021EEDA /* StyleVC.h */ = {isa = PBXFileReference; fileEncoding = 4; lastKnownFileType = sourcecode.c.h; path = StyleVC.h; sourceTree = "<group>"; };
		05B7DB7A103F45A70021EEDA /* StyleVC.m */ = {isa = PBXFileReference; fileEncoding = 4; lastKnownFileType = sourcecode.c.objc; path = StyleVC.m; sourceTree = "<group>"; };
		05C0D478107404F6004D485E /* English */ = {isa = PBXFileReference; fileEncoding = 10; lastKnownFileType = text.plist.strings; name = English; path = English.lproj/Localizable.strings; sourceTree = "<group>"; };
		05C0D4DE107413A6004D485E /* AboutUsVC.h */ = {isa = PBXFileReference; fileEncoding = 4; lastKnownFileType = sourcecode.c.h; path = AboutUsVC.h; sourceTree = "<group>"; };
		05C0D4DF107413A6004D485E /* AboutUsVC.m */ = {isa = PBXFileReference; fileEncoding = 4; lastKnownFileType = sourcecode.c.objc; path = AboutUsVC.m; sourceTree = "<group>"; };
		05C0D4E0107413A6004D485E /* AboutUsVC.xib */ = {isa = PBXFileReference; lastKnownFileType = file.xib; path = AboutUsVC.xib; sourceTree = "<group>"; };
		05C6364B0F55C03C00B1C78A /* BreweryTableViewController.h */ = {isa = PBXFileReference; fileEncoding = 4; lastKnownFileType = sourcecode.c.h; path = BreweryTableViewController.h; sourceTree = "<group>"; };
		05C6364C0F55C03C00B1C78A /* BreweryTableViewController.m */ = {isa = PBXFileReference; fileEncoding = 4; lastKnownFileType = sourcecode.c.objc; path = BreweryTableViewController.m; sourceTree = "<group>"; };
		05C6364E0F55C1CE00B1C78A /* BeerTableViewController.h */ = {isa = PBXFileReference; fileEncoding = 4; lastKnownFileType = sourcecode.c.h; path = BeerTableViewController.h; sourceTree = "<group>"; };
		05C6364F0F55C1CE00B1C78A /* BeerTableViewController.m */ = {isa = PBXFileReference; fileEncoding = 4; lastKnownFileType = sourcecode.c.objc; path = BeerTableViewController.m; sourceTree = "<group>"; };
		05C6378E0F56018100B1C78A /* ReviewsTableViewController.h */ = {isa = PBXFileReference; fileEncoding = 4; lastKnownFileType = sourcecode.c.h; path = ReviewsTableViewController.h; sourceTree = "<group>"; };
		05C6378F0F56018100B1C78A /* ReviewsTableViewController.m */ = {isa = PBXFileReference; fileEncoding = 4; lastKnownFileType = sourcecode.c.objc; path = ReviewsTableViewController.m; sourceTree = "<group>"; };
		05C637F20F56087F00B1C78A /* BeerListTableViewController.h */ = {isa = PBXFileReference; fileEncoding = 4; lastKnownFileType = sourcecode.c.h; path = BeerListTableViewController.h; sourceTree = "<group>"; };
		05C637F30F56087F00B1C78A /* BeerListTableViewController.m */ = {isa = PBXFileReference; fileEncoding = 4; lastKnownFileType = sourcecode.c.objc; path = BeerListTableViewController.m; sourceTree = "<group>"; };
		05C9AC3E0F53756F0020B102 /* MyTableViewController.h */ = {isa = PBXFileReference; fileEncoding = 4; lastKnownFileType = sourcecode.c.h; path = MyTableViewController.h; sourceTree = "<group>"; };
		05C9AC3F0F53756F0020B102 /* MyTableViewController.m */ = {isa = PBXFileReference; fileEncoding = 4; lastKnownFileType = sourcecode.c.objc; path = MyTableViewController.m; sourceTree = "<group>"; };
		05DA328E106408280015EBFD /* logo.png */ = {isa = PBXFileReference; lastKnownFileType = image.png; path = logo.png; sourceTree = "<group>"; };
		05DA329510640DAE0015EBFD /* Icon.png */ = {isa = PBXFileReference; lastKnownFileType = image.png; path = Icon.png; sourceTree = "<group>"; };
		05ECB39D107D628F001D59A0 /* RegexKitLite.h */ = {isa = PBXFileReference; fileEncoding = 4; lastKnownFileType = sourcecode.c.h; path = RegexKitLite.h; sourceTree = "<group>"; };
		05ECB39E107D628F001D59A0 /* RegexKitLite.m */ = {isa = PBXFileReference; fileEncoding = 4; lastKnownFileType = sourcecode.c.objc; path = RegexKitLite.m; sourceTree = "<group>"; };
		05F3BFB10F6EEDCB00603ED1 /* NearbyTableViewController.h */ = {isa = PBXFileReference; fileEncoding = 4; lastKnownFileType = sourcecode.c.h; path = NearbyTableViewController.h; sourceTree = "<group>"; };
		05F3BFB20F6EEDCB00603ED1 /* NearbyTableViewController.m */ = {isa = PBXFileReference; fileEncoding = 4; lastKnownFileType = sourcecode.c.objc; path = NearbyTableViewController.m; sourceTree = "<group>"; };
		05F3C0730F6EF69400603ED1 /* CoreLocation.framework */ = {isa = PBXFileReference; lastKnownFileType = wrapper.framework; name = CoreLocation.framework; path = System/Library/Frameworks/CoreLocation.framework; sourceTree = SDKROOT; };
		05F3C1880F6F150400603ED1 /* PlaceTableViewController.h */ = {isa = PBXFileReference; fileEncoding = 4; lastKnownFileType = sourcecode.c.h; path = PlaceTableViewController.h; sourceTree = "<group>"; };
		05F3C1890F6F150400603ED1 /* PlaceTableViewController.m */ = {isa = PBXFileReference; fileEncoding = 4; lastKnownFileType = sourcecode.c.objc; path = PlaceTableViewController.m; sourceTree = "<group>"; };
		1D30AB110D05D00D00671497 /* Foundation.framework */ = {isa = PBXFileReference; lastKnownFileType = wrapper.framework; name = Foundation.framework; path = System/Library/Frameworks/Foundation.framework; sourceTree = SDKROOT; };
		1D3623240D0F684500981E51 /* BeerCrushAppDelegate.h */ = {isa = PBXFileReference; fileEncoding = 4; lastKnownFileType = sourcecode.c.h; path = BeerCrushAppDelegate.h; sourceTree = "<group>"; };
		1D3623250D0F684500981E51 /* BeerCrushAppDelegate.m */ = {isa = PBXFileReference; fileEncoding = 4; lastKnownFileType = sourcecode.c.objc; path = BeerCrushAppDelegate.m; sourceTree = "<group>"; };
		1D6058910D05DD3D006BFB54 /* BeerCrush.app */ = {isa = PBXFileReference; explicitFileType = wrapper.application; includeInIndex = 0; path = BeerCrush.app; sourceTree = BUILT_PRODUCTS_DIR; };
		1DF5F4DF0D08C38300B7A737 /* UIKit.framework */ = {isa = PBXFileReference; lastKnownFileType = wrapper.framework; name = UIKit.framework; path = System/Library/Frameworks/UIKit.framework; sourceTree = SDKROOT; };
		28216C950DB411BC00E5133A /* FirstViewController.h */ = {isa = PBXFileReference; fileEncoding = 4; lastKnownFileType = sourcecode.c.h; path = FirstViewController.h; sourceTree = "<group>"; };
		28216C960DB411BC00E5133A /* FirstViewController.m */ = {isa = PBXFileReference; fileEncoding = 4; lastKnownFileType = sourcecode.c.objc; path = FirstViewController.m; sourceTree = "<group>"; };
		288765070DF74369002DB57D /* CoreGraphics.framework */ = {isa = PBXFileReference; lastKnownFileType = wrapper.framework; name = CoreGraphics.framework; path = System/Library/Frameworks/CoreGraphics.framework; sourceTree = SDKROOT; };
		28A0AB4B0D9B1048005BE974 /* BeerCrush_Prefix.pch */ = {isa = PBXFileReference; fileEncoding = 4; lastKnownFileType = sourcecode.c.h; path = BeerCrush_Prefix.pch; sourceTree = "<group>"; };
		29B97316FDCFA39411CA2CEA /* main.m */ = {isa = PBXFileReference; fileEncoding = 4; lastKnownFileType = sourcecode.c.objc; path = main.m; sourceTree = "<group>"; };
		8D1107310486CEB800E47090 /* Info.plist */ = {isa = PBXFileReference; fileEncoding = 4; lastKnownFileType = text.plist.xml; path = Info.plist; sourceTree = "<group>"; };
/* End PBXFileReference section */

/* Begin PBXFrameworksBuildPhase section */
		1D60588F0D05DD3D006BFB54 /* Frameworks */ = {
			isa = PBXFrameworksBuildPhase;
			buildActionMask = 2147483647;
			files = (
				1D60589F0D05DD5A006BFB54 /* Foundation.framework in Frameworks */,
				1DF5F4E00D08C38300B7A737 /* UIKit.framework in Frameworks */,
				288765080DF74369002DB57D /* CoreGraphics.framework in Frameworks */,
				05F3C0740F6EF69400603ED1 /* CoreLocation.framework in Frameworks */,
			);
			runOnlyForDeploymentPostprocessing = 0;
		};
/* End PBXFrameworksBuildPhase section */

/* Begin PBXGroup section */
		05451D7A1049DAE800F9400B /* JSON */ = {
			isa = PBXGroup;
			children = (
				05451D7B1049DAE800F9400B /* JSON.h */,
				05451D7C1049DAE800F9400B /* NSObject+SBJSON.h */,
				05451D7D1049DAE800F9400B /* NSObject+SBJSON.m */,
				05451D7E1049DAE800F9400B /* NSString+SBJSON.h */,
				05451D7F1049DAE800F9400B /* NSString+SBJSON.m */,
				05451D801049DAE800F9400B /* SBJSON.h */,
				05451D811049DAE800F9400B /* SBJSON.m */,
				05451D821049DAE800F9400B /* SBJsonBase.h */,
				05451D831049DAE800F9400B /* SBJsonBase.m */,
				05451D841049DAE800F9400B /* SBJsonParser.h */,
				05451D851049DAE800F9400B /* SBJsonParser.m */,
				05451D861049DAE800F9400B /* SBJsonWriter.h */,
				05451D871049DAE800F9400B /* SBJsonWriter.m */,
			);
			path = JSON;
			sourceTree = "<group>";
		};
		05ECB3A0107D629E001D59A0 /* RegexKitLite */ = {
			isa = PBXGroup;
			children = (
				05ECB39D107D628F001D59A0 /* RegexKitLite.h */,
				05ECB39E107D628F001D59A0 /* RegexKitLite.m */,
			);
			name = RegexKitLite;
			sourceTree = "<group>";
		};
		080E96DDFE201D6D7F000001 /* Classes */ = {
			isa = PBXGroup;
			children = (
				05ECB3A0107D629E001D59A0 /* RegexKitLite */,
				05C0D4DE107413A6004D485E /* AboutUsVC.h */,
				05C0D4DF107413A6004D485E /* AboutUsVC.m */,
				05C0D4E0107413A6004D485E /* AboutUsVC.xib */,
				051BBD9C10753EE8004376D9 /* LogoVC.h */,
				051BBD9D10753EE8004376D9 /* LogoVC.m */,
				051BBD9E10753EE8004376D9 /* LogoVC.xib */,
				0504AC4F105B05F3001FAEBC /* EditLineVC.h */,
				0504AC50105B05F3001FAEBC /* EditLineVC.m */,
				0516656510583A1B00D9C98D /* PhotoViewer.h */,
				0516656610583A1B00D9C98D /* PhotoViewer.m */,
				051665401058310D00D9C98D /* PhotoThumbnailControl.h */,
				051665411058310D00D9C98D /* PhotoThumbnailControl.m */,
				05165EBA1051D76500D9C98D /* EditURIVC.h */,
				05165EBB1051D76500D9C98D /* EditURIVC.m */,
				05165EAF1051D60E00D9C98D /* EditAddressVC.h */,
				05165EB01051D60E00D9C98D /* EditAddressVC.m */,
				05165E371051C5C800D9C98D /* PlacePriceTVC.h */,
				05165E381051C5C800D9C98D /* PlacePriceTVC.m */,
				05165D0B10519C5300D9C98D /* PlaceStyleTVC.h */,
				05165D0C10519C5300D9C98D /* PlaceStyleTVC.m */,
				05165D0810519C3D00D9C98D /* PlaceTypeTVC.h */,
				05165D0910519C3D00D9C98D /* PlaceTypeTVC.m */,
				059DA301104F3F3600D5652E /* CountryListTVC.h */,
				059DA302104F3F3600D5652E /* CountryListTVC.m */,
				059DA052104C70B200D5652E /* EditTextVC.h */,
				059DA053104C70B200D5652E /* EditTextVC.m */,
				05451D7A1049DAE800F9400B /* JSON */,
				05451C44104883E800F9400B /* PlacesTVC.h */,
				05451C45104883E800F9400B /* PlacesTVC.m */,
				05451C281048827F00F9400B /* BookmarksTVC.h */,
				05451C291048827F00F9400B /* BookmarksTVC.m */,
				05451C251048827700F9400B /* RecommendedTVC.h */,
				05451C261048827700F9400B /* RecommendedTVC.m */,
				05451C221048826F00F9400B /* BuddiesTVC.h */,
				05451C231048826F00F9400B /* BuddiesTVC.m */,
				05451C1F1048820100F9400B /* UserProfileTVC.h */,
				05451C201048820100F9400B /* UserProfileTVC.m */,
				0545144510435A4900F9400B /* AvailabilityTVC.h */,
				0545144610435A4900F9400B /* AvailabilityTVC.m */,
				05451380104346EF00F9400B /* ColorsTVC.h */,
				05451381104346EF00F9400B /* ColorsTVC.m */,
				05B7DB5C103F42700021EEDA /* StylesListTVC.h */,
				05B7DB5D103F42700021EEDA /* StylesListTVC.m */,
				058FFCA210360A1E00DA6D81 /* FlavorsAromasTVC.h */,
				058FFCA310360A1E00DA6D81 /* FlavorsAromasTVC.m */,
				058FFBC81035DE4200DA6D81 /* FullBeerReviewTVC.h */,
				058FFBC91035DE4200DA6D81 /* FullBeerReviewTVC.m */,
				058FF79010332E2100DA6D81 /* LoginVC.h */,
				058FF79110332E2100DA6D81 /* LoginVC.m */,
				058FF38B1030C41E00DA6D81 /* BrowseBrewersTVC.h */,
				058FF38C1030C41E00DA6D81 /* BrowseBrewersTVC.m */,
				28216C950DB411BC00E5133A /* FirstViewController.h */,
				28216C960DB411BC00E5133A /* FirstViewController.m */,
				1D3623240D0F684500981E51 /* BeerCrushAppDelegate.h */,
				1D3623250D0F684500981E51 /* BeerCrushAppDelegate.m */,
				05C9AC3E0F53756F0020B102 /* MyTableViewController.h */,
				05C9AC3F0F53756F0020B102 /* MyTableViewController.m */,
				05C6364B0F55C03C00B1C78A /* BreweryTableViewController.h */,
				05C6364C0F55C03C00B1C78A /* BreweryTableViewController.m */,
				05C6364E0F55C1CE00B1C78A /* BeerTableViewController.h */,
				05C6364F0F55C1CE00B1C78A /* BeerTableViewController.m */,
				05C6378E0F56018100B1C78A /* ReviewsTableViewController.h */,
				05C6378F0F56018100B1C78A /* ReviewsTableViewController.m */,
				05C637F20F56087F00B1C78A /* BeerListTableViewController.h */,
				05C637F30F56087F00B1C78A /* BeerListTableViewController.m */,
				05F3BFB10F6EEDCB00603ED1 /* NearbyTableViewController.h */,
				05F3BFB20F6EEDCB00603ED1 /* NearbyTableViewController.m */,
				05F3C1880F6F150400603ED1 /* PlaceTableViewController.h */,
				05F3C1890F6F150400603ED1 /* PlaceTableViewController.m */,
				053653940F703F99000389C1 /* PhoneNumberEditTableViewController.h */,
				053653950F703F99000389C1 /* PhoneNumberEditTableViewController.m */,
				0577ECB710068A1300A2468C /* RatingControl.h */,
				0577ECB810068A1300A2468C /* RatingControl.m */,
				0511029F100FDC8300610251 /* UserReviewsTVC.h */,
				051102A0100FDC8300610251 /* UserReviewsTVC.m */,
				05B7DB79103F45A70021EEDA /* StyleVC.h */,
				05B7DB7A103F45A70021EEDA /* StyleVC.m */,
				051BBE931075539B004376D9 /* SearchVC.h */,
				051BBE941075539B004376D9 /* SearchVC.m */,
				051BC382107A837F004376D9 /* PouredFromVC.h */,
				051BC383107A837F004376D9 /* PouredFromVC.m */,
				051BC38B107A8742004376D9 /* DatePickerVC.h */,
				051BC38C107A8742004376D9 /* DatePickerVC.m */,
				051BC38D107A8742004376D9 /* DatePickerVC.xib */,
				051BC627107BD6BD004376D9 /* RatingView.h */,
				051BC628107BD6BD004376D9 /* RatingView.m */,
			);
			path = Classes;
			sourceTree = "<group>";
		};
		19C28FACFE9D520D11CA2CBB /* Products */ = {
			isa = PBXGroup;
			children = (
				1D6058910D05DD3D006BFB54 /* BeerCrush.app */,
			);
			name = Products;
			sourceTree = "<group>";
		};
		29B97314FDCFA39411CA2CEA /* BeerCrush */ = {
			isa = PBXGroup;
			children = (
				05C0D47A10740500004D485E /* Localizable.strings */,
				080E96DDFE201D6D7F000001 /* Classes */,
				29B97315FDCFA39411CA2CEA /* Other Sources */,
				29B97317FDCFA39411CA2CEA /* Resources */,
				29B97323FDCFA39411CA2CEA /* Frameworks */,
				19C28FACFE9D520D11CA2CBB /* Products */,
				0577EA4C1002AC7700A2468C /* Settings.bundle */,
			);
			name = BeerCrush;
			sourceTree = "<group>";
		};
		29B97315FDCFA39411CA2CEA /* Other Sources */ = {
			isa = PBXGroup;
			children = (
				28A0AB4B0D9B1048005BE974 /* BeerCrush_Prefix.pch */,
				29B97316FDCFA39411CA2CEA /* main.m */,
			);
			name = "Other Sources";
			sourceTree = "<group>";
		};
		29B97317FDCFA39411CA2CEA /* Resources */ = {
			isa = PBXGroup;
			children = (
				051BC6F2107BEFA5004376D9 /* avatar_default.png */,
				051BC5F0107BC500004376D9 /* star_sm_empty.png */,
				051BC5F1107BC500004376D9 /* star_sm_full.png */,
				051BC5F2107BC500004376D9 /* star_sm_half.png */,
				05DA329510640DAE0015EBFD /* Icon.png */,
				05DA328E106408280015EBFD /* logo.png */,
				0504ABD2105AEE75001FAEBC /* tab_beerreviews.png */,
				0504ABD3105AEE75001FAEBC /* tab_beers.png */,
				0504ABD4105AEE75001FAEBC /* tab_nearby.png */,
				0504ABD5105AEE75001FAEBC /* tab_places.png */,
				0504ABD6105AEE75001FAEBC /* tab_wishlist.png */,
				05451A0A10471E5900F9400B /* brewery.png */,
				05451A0810471E4600F9400B /* beer.png */,
				05451A0610471E3300F9400B /* restaurant.png */,
				05451A0410471E2200F9400B /* bar.png */,
				05451A0210471E0F00F9400B /* store.png */,
				05451A0010471DFA00F9400B /* brewpub.png */,
				054519FE10471DE800F9400B /* body_low.png */,
				054519FC10471DD400F9400B /* body_high.png */,
				054519FA10471DBD00F9400B /* balance_low.png */,
				054519F810471DA800F9400B /* balance_high.png */,
				054519F610471D7200F9400B /* aftertaste_low.png */,
				054519F410471D4800F9400B /* aftertaste_high.png */,
				0577ECC110068CCB00A2468C /* star_empty.png */,
				0577ECC210068CCB00A2468C /* dot.png */,
				0577ECC310068CCB00A2468C /* star_filled.png */,
				8D1107310486CEB800E47090 /* Info.plist */,
				05944DBC0F72E2BB0043D34C /* MainWindow.xib */,
				05944DC40F72E7C30043D34C /* BeerCrush.png */,
			);
			name = Resources;
			sourceTree = "<group>";
		};
		29B97323FDCFA39411CA2CEA /* Frameworks */ = {
			isa = PBXGroup;
			children = (
				05F3C0730F6EF69400603ED1 /* CoreLocation.framework */,
				1DF5F4DF0D08C38300B7A737 /* UIKit.framework */,
				1D30AB110D05D00D00671497 /* Foundation.framework */,
				288765070DF74369002DB57D /* CoreGraphics.framework */,
			);
			name = Frameworks;
			sourceTree = "<group>";
		};
/* End PBXGroup section */

/* Begin PBXNativeTarget section */
		1D6058900D05DD3D006BFB54 /* BeerCrush */ = {
			isa = PBXNativeTarget;
			buildConfigurationList = 1D6058960D05DD3E006BFB54 /* Build configuration list for PBXNativeTarget "BeerCrush" */;
			buildPhases = (
				1D60588D0D05DD3D006BFB54 /* Resources */,
				1D60588E0D05DD3D006BFB54 /* Sources */,
				1D60588F0D05DD3D006BFB54 /* Frameworks */,
			);
			buildRules = (
			);
			dependencies = (
			);
			name = BeerCrush;
			productName = BeerCrush;
			productReference = 1D6058910D05DD3D006BFB54 /* BeerCrush.app */;
			productType = "com.apple.product-type.application";
		};
/* End PBXNativeTarget section */

/* Begin PBXProject section */
		29B97313FDCFA39411CA2CEA /* Project object */ = {
			isa = PBXProject;
			attributes = {
				ORGANIZATIONNAME = "Optional Corporation";
			};
			buildConfigurationList = C01FCF4E08A954540054247B /* Build configuration list for PBXProject "BeerCrush" */;
			compatibilityVersion = "Xcode 3.1";
			hasScannedForEncodings = 1;
			knownRegions = (
				English,
				Japanese,
				French,
				German,
				en,
			);
			mainGroup = 29B97314FDCFA39411CA2CEA /* BeerCrush */;
			projectDirPath = "";
			projectRoot = "";
			targets = (
				1D6058900D05DD3D006BFB54 /* BeerCrush */,
			);
		};
/* End PBXProject section */

/* Begin PBXResourcesBuildPhase section */
		1D60588D0D05DD3D006BFB54 /* Resources */ = {
			isa = PBXResourcesBuildPhase;
			buildActionMask = 2147483647;
			files = (
				05944DBD0F72E2BB0043D34C /* MainWindow.xib in Resources */,
				05944DC50F72E7C30043D34C /* BeerCrush.png in Resources */,
				0577EA4D1002AC7700A2468C /* Settings.bundle in Resources */,
				0577ECC410068CCB00A2468C /* star_empty.png in Resources */,
				0577ECC510068CCB00A2468C /* dot.png in Resources */,
				0577ECC610068CCB00A2468C /* star_filled.png in Resources */,
				054519F510471D4800F9400B /* aftertaste_high.png in Resources */,
				054519F710471D7200F9400B /* aftertaste_low.png in Resources */,
				054519F910471DA800F9400B /* balance_high.png in Resources */,
				054519FB10471DBD00F9400B /* balance_low.png in Resources */,
				054519FD10471DD400F9400B /* body_high.png in Resources */,
				054519FF10471DE800F9400B /* body_low.png in Resources */,
				05451A0110471DFA00F9400B /* brewpub.png in Resources */,
				05451A0310471E0F00F9400B /* store.png in Resources */,
				05451A0510471E2200F9400B /* bar.png in Resources */,
				05451A0710471E3300F9400B /* restaurant.png in Resources */,
				05451A0910471E4600F9400B /* beer.png in Resources */,
				05451A0B10471E5900F9400B /* brewery.png in Resources */,
				0504ABD7105AEE75001FAEBC /* tab_beerreviews.png in Resources */,
				0504ABD8105AEE75001FAEBC /* tab_beers.png in Resources */,
				0504ABD9105AEE75001FAEBC /* tab_nearby.png in Resources */,
				0504ABDA105AEE75001FAEBC /* tab_places.png in Resources */,
				0504ABDB105AEE75001FAEBC /* tab_wishlist.png in Resources */,
				05DA328F106408290015EBFD /* logo.png in Resources */,
				05DA329610640DAE0015EBFD /* Icon.png in Resources */,
				05C0D47B10740500004D485E /* Localizable.strings in Resources */,
				05C0D4E2107413A6004D485E /* AboutUsVC.xib in Resources */,
				051BBDA010753EE8004376D9 /* LogoVC.xib in Resources */,
				051BC38F107A8742004376D9 /* DatePickerVC.xib in Resources */,
				051BC5F3107BC500004376D9 /* star_sm_empty.png in Resources */,
				051BC5F4107BC500004376D9 /* star_sm_full.png in Resources */,
				051BC5F5107BC500004376D9 /* star_sm_half.png in Resources */,
				051BC6F3107BEFA5004376D9 /* avatar_default.png in Resources */,
			);
			runOnlyForDeploymentPostprocessing = 0;
		};
/* End PBXResourcesBuildPhase section */

/* Begin PBXSourcesBuildPhase section */
		1D60588E0D05DD3D006BFB54 /* Sources */ = {
			isa = PBXSourcesBuildPhase;
			buildActionMask = 2147483647;
			files = (
				1D60589B0D05DD56006BFB54 /* main.m in Sources */,
				1D3623260D0F684500981E51 /* BeerCrushAppDelegate.m in Sources */,
				28216C970DB411BC00E5133A /* FirstViewController.m in Sources */,
				05C9AC400F53756F0020B102 /* MyTableViewController.m in Sources */,
				05C6364D0F55C03C00B1C78A /* BreweryTableViewController.m in Sources */,
				05C636500F55C1CE00B1C78A /* BeerTableViewController.m in Sources */,
				05C637900F56018100B1C78A /* ReviewsTableViewController.m in Sources */,
				05C637F40F56087F00B1C78A /* BeerListTableViewController.m in Sources */,
				05F3BFB30F6EEDCB00603ED1 /* NearbyTableViewController.m in Sources */,
				05F3C18A0F6F150400603ED1 /* PlaceTableViewController.m in Sources */,
				053653960F703F99000389C1 /* PhoneNumberEditTableViewController.m in Sources */,
				0577ECB910068A1300A2468C /* RatingControl.m in Sources */,
				051102A1100FDC8300610251 /* UserReviewsTVC.m in Sources */,
				058FF38D1030C41E00DA6D81 /* BrowseBrewersTVC.m in Sources */,
				058FF79210332E2100DA6D81 /* LoginVC.m in Sources */,
				058FFBCA1035DE4200DA6D81 /* FullBeerReviewTVC.m in Sources */,
				058FFCA410360A1E00DA6D81 /* FlavorsAromasTVC.m in Sources */,
				05B7DB5E103F42700021EEDA /* StylesListTVC.m in Sources */,
				05B7DB7B103F45A70021EEDA /* StyleVC.m in Sources */,
				05451382104346EF00F9400B /* ColorsTVC.m in Sources */,
				0545144710435A4900F9400B /* AvailabilityTVC.m in Sources */,
				05451C211048820100F9400B /* UserProfileTVC.m in Sources */,
				05451C241048826F00F9400B /* BuddiesTVC.m in Sources */,
				05451C271048827700F9400B /* RecommendedTVC.m in Sources */,
				05451C2A1048827F00F9400B /* BookmarksTVC.m in Sources */,
				05451C46104883E800F9400B /* PlacesTVC.m in Sources */,
				05451D881049DAE800F9400B /* NSObject+SBJSON.m in Sources */,
				05451D891049DAE800F9400B /* NSString+SBJSON.m in Sources */,
				05451D8A1049DAE800F9400B /* SBJSON.m in Sources */,
				05451D8B1049DAE800F9400B /* SBJsonBase.m in Sources */,
				05451D8C1049DAE800F9400B /* SBJsonParser.m in Sources */,
				05451D8D1049DAE800F9400B /* SBJsonWriter.m in Sources */,
				059DA054104C70B200D5652E /* EditTextVC.m in Sources */,
				059DA303104F3F3600D5652E /* CountryListTVC.m in Sources */,
				05165D0A10519C3D00D9C98D /* PlaceTypeTVC.m in Sources */,
				05165D0D10519C5300D9C98D /* PlaceStyleTVC.m in Sources */,
				05165E391051C5C800D9C98D /* PlacePriceTVC.m in Sources */,
				05165EB11051D60E00D9C98D /* EditAddressVC.m in Sources */,
				05165EBC1051D76500D9C98D /* EditURIVC.m in Sources */,
				051665421058310D00D9C98D /* PhotoThumbnailControl.m in Sources */,
				0516656710583A1B00D9C98D /* PhotoViewer.m in Sources */,
				0504AC51105B05F3001FAEBC /* EditLineVC.m in Sources */,
				05C0D4E1107413A6004D485E /* AboutUsVC.m in Sources */,
				051BBD9F10753EE8004376D9 /* LogoVC.m in Sources */,
				051BBE951075539B004376D9 /* SearchVC.m in Sources */,
				051BC384107A837F004376D9 /* PouredFromVC.m in Sources */,
				051BC38E107A8742004376D9 /* DatePickerVC.m in Sources */,
				051BC629107BD6BD004376D9 /* RatingView.m in Sources */,
				05ECB39F107D628F001D59A0 /* RegexKitLite.m in Sources */,
			);
			runOnlyForDeploymentPostprocessing = 0;
		};
/* End PBXSourcesBuildPhase section */

/* Begin PBXVariantGroup section */
		05C0D47A10740500004D485E /* Localizable.strings */ = {
			isa = PBXVariantGroup;
			children = (
				05C0D478107404F6004D485E /* English */,
			);
			name = Localizable.strings;
			sourceTree = "<group>";
		};
/* End PBXVariantGroup section */

/* Begin XCBuildConfiguration section */
		1D6058940D05DD3E006BFB54 /* Debug */ = {
			isa = XCBuildConfiguration;
			buildSettings = {
				ALWAYS_SEARCH_USER_PATHS = NO;
				COPY_PHASE_STRIP = NO;
				GCC_DYNAMIC_NO_PIC = NO;
				GCC_OPTIMIZATION_LEVEL = 0;
				GCC_PRECOMPILE_PREFIX_HEADER = YES;
				GCC_PREFIX_HEADER = BeerCrush_Prefix.pch;
				INFOPLIST_FILE = Info.plist;
				LIBRARY_SEARCH_PATHS = (
					"$(inherited)",
					"\"$(SRCROOT)\"",
				);
				PRODUCT_NAME = BeerCrush;
			};
			name = Debug;
		};
		1D6058950D05DD3E006BFB54 /* Release */ = {
			isa = XCBuildConfiguration;
			buildSettings = {
				ALWAYS_SEARCH_USER_PATHS = NO;
				CODE_SIGN_IDENTITY = "iPhone Developer";
				"CODE_SIGN_IDENTITY[sdk=iphoneos*]" = "iPhone Developer";
				COPY_PHASE_STRIP = YES;
				GCC_PRECOMPILE_PREFIX_HEADER = YES;
				GCC_PREFIX_HEADER = BeerCrush_Prefix.pch;
				INFOPLIST_FILE = Info.plist;
				LIBRARY_SEARCH_PATHS = (
					"$(inherited)",
					"\"$(SRCROOT)\"",
				);
				PRODUCT_NAME = BeerCrush;
				PROVISIONING_PROFILE = "";
				"PROVISIONING_PROFILE[sdk=iphoneos*]" = "";
				SDKROOT = iphoneos3.0;
			};
			name = Release;
		};
		C01FCF4F08A954540054247B /* Debug */ = {
			isa = XCBuildConfiguration;
			buildSettings = {
				ARCHS = "$(ARCHS_STANDARD_32_BIT)";
				"CODE_SIGN_IDENTITY[sdk=iphoneos*]" = "iPhone Developer";
				GCC_C_LANGUAGE_STANDARD = c99;
				GCC_PREPROCESSOR_DEFINITIONS = "DEBUG=1";
				GCC_WARN_ABOUT_RETURN_TYPE = YES;
				GCC_WARN_UNUSED_VARIABLE = YES;
				ONLY_ACTIVE_ARCH = YES;
				OTHER_LDFLAGS = "-licucore";
				PREBINDING = NO;
				SDKROOT = iphoneos2.2.1;
			};
			name = Debug;
		};
		C01FCF5008A954540054247B /* Release */ = {
			isa = XCBuildConfiguration;
			buildSettings = {
				ARCHS = "$(ARCHS_STANDARD_32_BIT)";
				"CODE_SIGN_IDENTITY[sdk=iphoneos*]" = "iPhone Developer";
				GCC_C_LANGUAGE_STANDARD = c99;
				GCC_WARN_ABOUT_RETURN_TYPE = YES;
				GCC_WARN_UNUSED_VARIABLE = YES;
				OTHER_LDFLAGS = "-licucore";
				PREBINDING = NO;
				SDKROOT = iphoneos2.2.1;
			};
			name = Release;
		};
/* End XCBuildConfiguration section */

/* Begin XCConfigurationList section */
		1D6058960D05DD3E006BFB54 /* Build configuration list for PBXNativeTarget "BeerCrush" */ = {
			isa = XCConfigurationList;
			buildConfigurations = (
				1D6058940D05DD3E006BFB54 /* Debug */,
				1D6058950D05DD3E006BFB54 /* Release */,
			);
			defaultConfigurationIsVisible = 0;
			defaultConfigurationName = Release;
		};
		C01FCF4E08A954540054247B /* Build configuration list for PBXProject "BeerCrush" */ = {
			isa = XCConfigurationList;
			buildConfigurations = (
				C01FCF4F08A954540054247B /* Debug */,
				C01FCF5008A954540054247B /* Release */,
			);
			defaultConfigurationIsVisible = 0;
			defaultConfigurationName = Release;
		};
/* End XCConfigurationList section */
	};
	rootObject = 29B97313FDCFA39411CA2CEA /* Project object */;
}
